
Microsoft Visual Studio Solution File, Format Version 12.00
# Visual Studio Version 17
VisualStudioVersion = 17.4.33205.214
MinimumVisualStudioVersion = 10.0.40219.1
Project("{FAE04EC0-301F-11D3-BF4B-00C04F79EFBC}") = "atm_offilne", "atm_offilne\atm_offilne.csproj", "{EF8ED573-D1F3-4655-ADFE-08675D983BEC}"
EndProject
Global
	GlobalSection(SolutionConfigurationPlatforms) = preSolution
		Debug|Any CPU = Debug|Any CPU
		Release|Any CPU = Release|Any CPU
	EndGlobalSection
	GlobalSection(ProjectConfigurationPlatforms) = postSolution
		{EF8ED573-D1F3-4655-ADFE-08675D983BEC}.Debug|Any CPU.ActiveCfg = Debug|Any CPU
		{EF8ED573-D1F3-4655-ADFE-08675D983BEC}.Debug|Any CPU.Build.0 = Debug|Any CPU
		{EF8ED573-D1F3-4655-ADFE-08675D983BEC}.Release|Any CPU.ActiveCfg = Release|Any CPU
		{EF8ED573-D1F3-4655-ADFE-08675D983BEC}.Release|Any CPU.Build.0 = Release|Any CPU
	EndGlobalSection
	GlobalSection(SolutionProperties) = preSolution
		HideSolutionNode = FALSE
	EndGlobalSection
	GlobalSection(ExtensibilityGlobals) = postSolution
		SolutionGuid = {21F017ED-4B83-4613-A696-3C67FCB42AA6}
	EndGlobalSection
EndGlobal
